github.com/google/go-cmp v0.5.7 h1:81/ik6ipDQS2aGcBfIN5dHDB36BwrStyeAQquSYCV4o=
golang.org/x/crypto v0.0.0-20220427172511-eb4f295cb31f h1:OeJjE6G4dgCY4PIXvIRQbE8+RX+uXZyGhUy/ksMGJoc=
golang.org/x/crypto v0.0.0-20220427172511-eb4f295cb31f/go.mod h1:IxCIyHEi3zRg3s0A5j5BB6A9Jmi73HwBIUl50j+osU4=
golang.zx2c4.com/wireguard/wgctrl v0.0.0-20220504211119-3d4a969bb56b h1:9JncmKXcUwE918my+H6xmjBdhK2jM/UTUNXxhRG1BAk=
golang.zx2c4.com/wireguard/wgctrl v0.0.0-20220504211119-3d4a969bb56b/go.mod h1:yp4gl6zOlnDGOZeWeDfMwQcsdOIQnMdhuPx9mwwWBL4=
